
Microsoft Visual Studio Solution File, Format Version 12.00
Project("{2150E333-8FDC-42A3-9474-1A3956D46DE8}") = "Server", "Server", "{A578A7E2-F246-4A19-B059-A96CDE42DAF1}"
EndProject
Project("{FAE04EC0-301F-11D3-BF4B-00C04F79EFBC}") = "Entities", "Entities\Entities.csproj", "{D58C1C75-A180-4D9D-B43A-22C889126584}"
EndProject
Project("{FAE04EC0-301F-11D3-BF4B-00C04F79EFBC}") = "RepositoryContracts", "RepositoryContracts\RepositoryContracts.csproj", "{9E6D284D-500D-48ED-B243-36063EAB4E61}"
EndProject
Project("{FAE04EC0-301F-11D3-BF4B-00C04F79EFBC}") = "InMemoryRepositories", "InMemoryRepositories\InMemoryRepositories.csproj", "{3777C356-9C0E-4AA8-BBE8-A7D1B990E524}"
EndProject
Project("{FAE04EC0-301F-11D3-BF4B-00C04F79EFBC}") = "CLI", "CLI\CLI.csproj", "{7F5703B5-46FB-454A-ACBC-0A3B18850888}"
EndProject
Project("{FAE04EC0-301F-11D3-BF4B-00C04F79EFBC}") = "FileRepositories", "FileRepositories\FileRepositories.csproj", "{DFA55268-7FBE-4143-AD27-7DBB9E268185}"
EndProject
Project("{2150E333-8FDC-42A3-9474-1A3956D46DE8}") = "Shared", "Shared", "{AB93AB0A-7D3D-428A-B767-E30A3EFDC08B}"
EndProject
Project("{FAE04EC0-301F-11D3-BF4B-00C04F79EFBC}") = "ApiContracts", "ApiContracts\ApiContracts.csproj", "{AF22F6AB-BB6D-45F0-8E3B-5314D6B1775B}"
EndProject
Project("{FAE04EC0-301F-11D3-BF4B-00C04F79EFBC}") = "WebAPI", "WebAPI\WebAPI.csproj", "{12CE9DED-EF19-4028-A645-0147ECC2A43B}"
EndProject
Project("{2150E333-8FDC-42A3-9474-1A3956D46DE8}") = "CLIENT", "CLIENT", "{AE8126C2-D5D0-4E4D-A04B-CD1017AC4D41}"
EndProject
Project("{FAE04EC0-301F-11D3-BF4B-00C04F79EFBC}") = "Frontend", "CLIENT\Frontend\Frontend.csproj", "{96FB4D0C-DD60-458F-BF46-356A5137D3B8}"
EndProject
Project("{FAE04EC0-301F-11D3-BF4B-00C04F79EFBC}") = "EfcRepositories", "EfcRepositories\EfcRepositories.csproj", "{6A8633DB-4A6D-4741-979F-5FB07AB8CCDF}"
EndProject
Global
	GlobalSection(SolutionConfigurationPlatforms) = preSolution
		Debug|Any CPU = Debug|Any CPU
		Release|Any CPU = Release|Any CPU
	EndGlobalSection
	GlobalSection(NestedProjects) = preSolution
		{D58C1C75-A180-4D9D-B43A-22C889126584} = {A578A7E2-F246-4A19-B059-A96CDE42DAF1}
		{9E6D284D-500D-48ED-B243-36063EAB4E61} = {A578A7E2-F246-4A19-B059-A96CDE42DAF1}
		{3777C356-9C0E-4AA8-BBE8-A7D1B990E524} = {A578A7E2-F246-4A19-B059-A96CDE42DAF1}
		{7F5703B5-46FB-454A-ACBC-0A3B18850888} = {A578A7E2-F246-4A19-B059-A96CDE42DAF1}
		{DFA55268-7FBE-4143-AD27-7DBB9E268185} = {A578A7E2-F246-4A19-B059-A96CDE42DAF1}
		{AF22F6AB-BB6D-45F0-8E3B-5314D6B1775B} = {AB93AB0A-7D3D-428A-B767-E30A3EFDC08B}
		{12CE9DED-EF19-4028-A645-0147ECC2A43B} = {A578A7E2-F246-4A19-B059-A96CDE42DAF1}
		{96FB4D0C-DD60-458F-BF46-356A5137D3B8} = {AE8126C2-D5D0-4E4D-A04B-CD1017AC4D41}
		{6A8633DB-4A6D-4741-979F-5FB07AB8CCDF} = {A578A7E2-F246-4A19-B059-A96CDE42DAF1}
	EndGlobalSection
	GlobalSection(ProjectConfigurationPlatforms) = postSolution
		{D58C1C75-A180-4D9D-B43A-22C889126584}.Debug|Any CPU.ActiveCfg = Debug|Any CPU
		{D58C1C75-A180-4D9D-B43A-22C889126584}.Debug|Any CPU.Build.0 = Debug|Any CPU
		{D58C1C75-A180-4D9D-B43A-22C889126584}.Release|Any CPU.ActiveCfg = Release|Any CPU
		{D58C1C75-A180-4D9D-B43A-22C889126584}.Release|Any CPU.Build.0 = Release|Any CPU
		{9E6D284D-500D-48ED-B243-36063EAB4E61}.Debug|Any CPU.ActiveCfg = Debug|Any CPU
		{9E6D284D-500D-48ED-B243-36063EAB4E61}.Debug|Any CPU.Build.0 = Debug|Any CPU
		{9E6D284D-500D-48ED-B243-36063EAB4E61}.Release|Any CPU.ActiveCfg = Release|Any CPU
		{9E6D284D-500D-48ED-B243-36063EAB4E61}.Release|Any CPU.Build.0 = Release|Any CPU
		{3777C356-9C0E-4AA8-BBE8-A7D1B990E524}.Debug|Any CPU.ActiveCfg = Debug|Any CPU
		{3777C356-9C0E-4AA8-BBE8-A7D1B990E524}.Debug|Any CPU.Build.0 = Debug|Any CPU
		{3777C356-9C0E-4AA8-BBE8-A7D1B990E524}.Release|Any CPU.ActiveCfg = Release|Any CPU
		{3777C356-9C0E-4AA8-BBE8-A7D1B990E524}.Release|Any CPU.Build.0 = Release|Any CPU
		{7F5703B5-46FB-454A-ACBC-0A3B18850888}.Debug|Any CPU.ActiveCfg = Debug|Any CPU
		{7F5703B5-46FB-454A-ACBC-0A3B18850888}.Debug|Any CPU.Build.0 = Debug|Any CPU
		{7F5703B5-46FB-454A-ACBC-0A3B18850888}.Release|Any CPU.ActiveCfg = Release|Any CPU
		{7F5703B5-46FB-454A-ACBC-0A3B18850888}.Release|Any CPU.Build.0 = Release|Any CPU
		{DFA55268-7FBE-4143-AD27-7DBB9E268185}.Debug|Any CPU.ActiveCfg = Debug|Any CPU
		{DFA55268-7FBE-4143-AD27-7DBB9E268185}.Debug|Any CPU.Build.0 = Debug|Any CPU
		{DFA55268-7FBE-4143-AD27-7DBB9E268185}.Release|Any CPU.ActiveCfg = Release|Any CPU
		{DFA55268-7FBE-4143-AD27-7DBB9E268185}.Release|Any CPU.Build.0 = Release|Any CPU
		{AF22F6AB-BB6D-45F0-8E3B-5314D6B1775B}.Debug|Any CPU.ActiveCfg = Debug|Any CPU
		{AF22F6AB-BB6D-45F0-8E3B-5314D6B1775B}.Debug|Any CPU.Build.0 = Debug|Any CPU
		{AF22F6AB-BB6D-45F0-8E3B-5314D6B1775B}.Release|Any CPU.ActiveCfg = Release|Any CPU
		{AF22F6AB-BB6D-45F0-8E3B-5314D6B1775B}.Release|Any CPU.Build.0 = Release|Any CPU
		{12CE9DED-EF19-4028-A645-0147ECC2A43B}.Debug|Any CPU.ActiveCfg = Debug|Any CPU
		{12CE9DED-EF19-4028-A645-0147ECC2A43B}.Debug|Any CPU.Build.0 = Debug|Any CPU
		{12CE9DED-EF19-4028-A645-0147ECC2A43B}.Release|Any CPU.ActiveCfg = Release|Any CPU
		{12CE9DED-EF19-4028-A645-0147ECC2A43B}.Release|Any CPU.Build.0 = Release|Any CPU
		{96FB4D0C-DD60-458F-BF46-356A5137D3B8}.Debug|Any CPU.ActiveCfg = Debug|Any CPU
		{96FB4D0C-DD60-458F-BF46-356A5137D3B8}.Debug|Any CPU.Build.0 = Debug|Any CPU
		{96FB4D0C-DD60-458F-BF46-356A5137D3B8}.Release|Any CPU.ActiveCfg = Release|Any CPU
		{96FB4D0C-DD60-458F-BF46-356A5137D3B8}.Release|Any CPU.Build.0 = Release|Any CPU
		{6A8633DB-4A6D-4741-979F-5FB07AB8CCDF}.Debug|Any CPU.ActiveCfg = Debug|Any CPU
		{6A8633DB-4A6D-4741-979F-5FB07AB8CCDF}.Debug|Any CPU.Build.0 = Debug|Any CPU
		{6A8633DB-4A6D-4741-979F-5FB07AB8CCDF}.Release|Any CPU.ActiveCfg = Release|Any CPU
		{6A8633DB-4A6D-4741-979F-5FB07AB8CCDF}.Release|Any CPU.Build.0 = Release|Any CPU
	EndGlobalSection
EndGlobal
